{
  "name": "printer_test",
  "version": "1.0.0",
  "lockfileVersion": 1,
  "requires": true,
  "dependencies": {
    "printer": {
      "version": "git+https://github.com/tojocky/node-printer.git#dff584d454d37171a9cd1e17bd442eab0d96dec7",
      "from": "git+https://github.com/tojocky/node-printer.git"
    }
  }
}
